
Microsoft Visual Studio Solution File, Format Version 12.00
# Visual Studio Version 17
VisualStudioVersion = 17.14.36623.8 d17.14
MinimumVisualStudioVersion = 10.0.40219.1
Project("{FAE04EC0-301F-11D3-BF4B-00C04F79EFBC}") = "task6", "task6\task6.csproj", "{7135BB41-EAFD-4F5C-9083-1B7B1FFF7563}"
EndProject
Global
	GlobalSection(SolutionConfigurationPlatforms) = preSolution
		Debug|Any CPU = Debug|Any CPU
		Release|Any CPU = Release|Any CPU
	EndGlobalSection
	GlobalSection(ProjectConfigurationPlatforms) = postSolution
		{7135BB41-EAFD-4F5C-9083-1B7B1FFF7563}.Debug|Any CPU.ActiveCfg = Debug|Any CPU
		{7135BB41-EAFD-4F5C-9083-1B7B1FFF7563}.Debug|Any CPU.Build.0 = Debug|Any CPU
		{7135BB41-EAFD-4F5C-9083-1B7B1FFF7563}.Release|Any CPU.ActiveCfg = Release|Any CPU
		{7135BB41-EAFD-4F5C-9083-1B7B1FFF7563}.Release|Any CPU.Build.0 = Release|Any CPU
	EndGlobalSection
	GlobalSection(SolutionProperties) = preSolution
		HideSolutionNode = FALSE
	EndGlobalSection
	GlobalSection(ExtensibilityGlobals) = postSolution
		SolutionGuid = {A229140B-F16F-4E78-B237-AD7221D6245E}
	EndGlobalSection
EndGlobal
